
Microsoft Visual Studio Solution File, Format Version 12.00
# Visual Studio Version 16
VisualStudioVersion = 16.0.33927.289
MinimumVisualStudioVersion = 10.0.40219.1
Project("{2150E333-8FDC-42A3-9474-1A3956D46DE8}") = "Task0", "Task0", "{76014415-CF53-4589-B3C2-2B7E5ACDA33F}"
EndProject
Project("{2150E333-8FDC-42A3-9474-1A3956D46DE8}") = "Task1", "Task1", "{58115340-E943-4681-AECC-D682C64A66E5}"
EndProject
Project("{2150E333-8FDC-42A3-9474-1A3956D46DE8}") = "Task2", "Task2", "{9611E383-34A4-411C-B870-C42A296D7512}"
EndProject
Project("{2150E333-8FDC-42A3-9474-1A3956D46DE8}") = "Task3", "Task3", "{FFBF5629-92F3-497D-9472-54CC720F8DCB}"
EndProject
Project("{FAE04EC0-301F-11D3-BF4B-00C04F79EFBC}") = "Tyuiu.PozhdinAA.Sprint5.Task0.V27", "Tyuiu.PozhdinAA.Sprint5.Task0.V27\Tyuiu.PozhdinAA.Sprint5.Task0.V27.csproj", "{7FEF25A4-B284-4E86-B4B9-365563E52EAE}"
EndProject
Project("{FAE04EC0-301F-11D3-BF4B-00C04F79EFBC}") = "Tyuiu.PozhdinAA.Sprint5.Task0.V27.Lib", "Tyuiu.PozhdinAA.Sprint5.Task0.V27.Lib\Tyuiu.PozhdinAA.Sprint5.Task0.V27.Lib.csproj", "{EB42312A-9B8E-4BEE-9AAC-E4F7EABA4855}"
EndProject
Project("{FAE04EC0-301F-11D3-BF4B-00C04F79EFBC}") = "Tyuiu.PozhdinAA.Sprint5.Task0.V27.Test", "Tyuiu.PozhdinAA.Sprint5.Task0.V27.Test\Tyuiu.PozhdinAA.Sprint5.Task0.V27.Test.csproj", "{4E457716-BE06-4F77-82B7-7BFFDA733F05}"
EndProject
Project("{FAE04EC0-301F-11D3-BF4B-00C04F79EFBC}") = "Tyuiu.PozhdinAA.Sprint5.Task1.V5", "Tyuiu.PozhdinAA.Sprint5.Task1.V5\Tyuiu.PozhdinAA.Sprint5.Task1.V5.csproj", "{42DCD307-2408-43E1-B649-6E4CECBAD45D}"
EndProject
Project("{FAE04EC0-301F-11D3-BF4B-00C04F79EFBC}") = "Tyuiu.PozhdinAA.Sprint5.Task1.V5.Lib", "Tyuiu.PozhdinAA.Sprint5.Task1.V5.Lib\Tyuiu.PozhdinAA.Sprint5.Task1.V5.Lib.csproj", "{785B1E5D-C442-4CDF-8BF5-F5615614A861}"
EndProject
Project("{FAE04EC0-301F-11D3-BF4B-00C04F79EFBC}") = "Tyuiu.PozhdinAA.Sprint5.Task1.V5.Test", "Tyuiu.PozhdinAA.Sprint5.Task1.V5.Test\Tyuiu.PozhdinAA.Sprint5.Task1.V5.Test.csproj", "{76EC985A-CFEE-4D29-8B94-E4B4EEEF343B}"
EndProject
Project("{FAE04EC0-301F-11D3-BF4B-00C04F79EFBC}") = "Tyuiu.PozhdinAA.Sprint5.Task2.V5", "Tyuiu.PozhdinAA.Sprint5.Task2.V5\Tyuiu.PozhdinAA.Sprint5.Task2.V5.csproj", "{F5F9BD89-5BAD-4010-8B7C-AC03C6A05898}"
EndProject
Project("{FAE04EC0-301F-11D3-BF4B-00C04F79EFBC}") = "Tyuiu.PozhdinAA.Sprint5.Task2.V5.Lib", "Tyuiu.PozhdinAA.Sprint5.Task2.V5.Lib\Tyuiu.PozhdinAA.Sprint5.Task2.V5.Lib.csproj", "{1AB7C4FB-E845-40D3-813D-364E3ABA88A4}"
EndProject
Project("{FAE04EC0-301F-11D3-BF4B-00C04F79EFBC}") = "Tyuiu.PozhdinAA.Sprint5.Task2.V5.Test", "Tyuiu.PozhdinAA.Sprint5.Task2.V5.Test\Tyuiu.PozhdinAA.Sprint5.Task2.V5.Test.csproj", "{95FC1187-B230-4728-9920-BD4DA1231456}"
EndProject
Project("{FAE04EC0-301F-11D3-BF4B-00C04F79EFBC}") = "Tyuiu.PozhdinAA.Sprint5.Task3.V11", "Tyuiu.PozhdinAA.Sprint5.Task3.V11\Tyuiu.PozhdinAA.Sprint5.Task3.V11.csproj", "{79FF93A8-3D0C-4C0F-976E-58F39D1FA2D1}"
EndProject
Project("{FAE04EC0-301F-11D3-BF4B-00C04F79EFBC}") = "Tyuiu.PozhdinAA.Sprint5.Task3.V11.Lib", "Tyuiu.PozhdinAA.Sprint5.Task3.V11.Lib\Tyuiu.PozhdinAA.Sprint5.Task3.V11.Lib.csproj", "{DF28D317-CC66-4E97-9DA2-E82FB5220353}"
EndProject
Project("{FAE04EC0-301F-11D3-BF4B-00C04F79EFBC}") = "Tyuiu.PozhdinAA.Sprint5.Task3.V11.Test", "Tyuiu.PozhdinAA.Sprint5.Task3.V11.Test\Tyuiu.PozhdinAA.Sprint5.Task3.V11.Test.csproj", "{0877F7FE-E109-4558-A967-6386C6B2DB62}"
EndProject
Project("{2150E333-8FDC-42A3-9474-1A3956D46DE8}") = "Task4", "Task4", "{8E54E9A3-05D9-4999-8C16-B0AAF3F6208D}"
EndProject
Project("{2150E333-8FDC-42A3-9474-1A3956D46DE8}") = "Task5", "Task5", "{D5B29538-80AC-4A51-9E36-C7E935DABE35}"
EndProject
Project("{2150E333-8FDC-42A3-9474-1A3956D46DE8}") = "Task6", "Task6", "{BE20A7BA-453F-4FF6-BFAB-AD4A5C570122}"
EndProject
Project("{2150E333-8FDC-42A3-9474-1A3956D46DE8}") = "Task7", "Task7", "{14AFF2BF-A049-4573-9EF1-716F39CBC551}"
EndProject
Project("{FAE04EC0-301F-11D3-BF4B-00C04F79EFBC}") = "Tyuiu.PozhdinAA.Sprint5.Task4.V15", "Tyuiu.PozhdinAA.Sprint5.Task4.V15\Tyuiu.PozhdinAA.Sprint5.Task4.V15.csproj", "{3F3F7B24-0D53-4355-8C2F-E49A0F77459D}"
EndProject
Project("{FAE04EC0-301F-11D3-BF4B-00C04F79EFBC}") = "Tyuiu.PozhdinAA.Sprint5.Task4.V15.Lib", "Tyuiu.PozhdinAA.Sprint5.Task4.V15.Lib\Tyuiu.PozhdinAA.Sprint5.Task4.V15.Lib.csproj", "{36BD14F4-6F88-4336-9774-3B553EB5B5E3}"
EndProject
Project("{FAE04EC0-301F-11D3-BF4B-00C04F79EFBC}") = "Tyuiu.PozhdinAA.Sprint5.Task4.V15.Test", "Tyuiu.PozhdinAA.Sprint5.Task4.V15.Test\Tyuiu.PozhdinAA.Sprint5.Task4.V15.Test.csproj", "{C48CB41F-5EDA-456D-8047-7FEA5AF1FC3F}"
EndProject
Project("{FAE04EC0-301F-11D3-BF4B-00C04F79EFBC}") = "Tyuiu.PozhdinAA.Sprint5.Task5.V27", "Tyuiu.PozhdinAA.Sprint5.Task5.V27\Tyuiu.PozhdinAA.Sprint5.Task5.V27.csproj", "{17727E47-FD64-490B-ABF8-53423F59023E}"
EndProject
Project("{FAE04EC0-301F-11D3-BF4B-00C04F79EFBC}") = "Tyuiu.PozhdinAA.Sprint5.Task5.V27.Lib", "Tyuiu.PozhdinAA.Sprint5.Task5.V27.Lib\Tyuiu.PozhdinAA.Sprint5.Task5.V27.Lib.csproj", "{91D7D4DA-2B36-4AC3-B3A5-77949BBFDD22}"
EndProject
Project("{FAE04EC0-301F-11D3-BF4B-00C04F79EFBC}") = "Tyuiu.PozhdinAA.Sprint5.Task5.V27.Test", "Tyuiu.PozhdinAA.Sprint5.Task5.V27.Test\Tyuiu.PozhdinAA.Sprint5.Task5.V27.Test.csproj", "{A79A9256-FE78-4AE3-BC41-8BDCAACE11F5}"
EndProject
Project("{FAE04EC0-301F-11D3-BF4B-00C04F79EFBC}") = "Tyuiu.PozhdinAA.Sprint5.Task6.V9", "Tyuiu.PozhdinAA.Sprint5.Task6.V9\Tyuiu.PozhdinAA.Sprint5.Task6.V9.csproj", "{7A70DF5C-A0C7-41B3-B719-431E15BB7149}"
EndProject
Project("{FAE04EC0-301F-11D3-BF4B-00C04F79EFBC}") = "Tyuiu.PozhdinAA.Sprint5.Task6.V9.Lib", "Tyuiu.PozhdinAA.Sprint5.Task6.V9.Lib\Tyuiu.PozhdinAA.Sprint5.Task6.V9.Lib.csproj", "{126E6D09-21ED-40DD-85E4-513235CB7D98}"
EndProject
Project("{FAE04EC0-301F-11D3-BF4B-00C04F79EFBC}") = "Tyuiu.PozhdinAA.Sprint5.Task6.V9.Test", "Tyuiu.PozhdinAA.Sprint5.Task6.V9.Test\Tyuiu.PozhdinAA.Sprint5.Task6.V9.Test.csproj", "{9058A541-617A-43A8-94C3-5D3F7955456D}"
EndProject
Project("{FAE04EC0-301F-11D3-BF4B-00C04F79EFBC}") = "Tyuiu.PozhdinAA.Sprint5.Task7.V8", "Tyuiu.PozhdinAA.Sprint5.Task7.V8\Tyuiu.PozhdinAA.Sprint5.Task7.V8.csproj", "{6CF58BC3-AAB3-45F7-964A-473C103F94A4}"
EndProject
Project("{FAE04EC0-301F-11D3-BF4B-00C04F79EFBC}") = "Tyuiu.PozhdinAA.Sprint5.Task7.V8.Lib", "Tyuiu.PozhdinAA.Sprint5.Task7.V8.Lib\Tyuiu.PozhdinAA.Sprint5.Task7.V8.Lib.csproj", "{EE8E10C9-B599-432E-A98E-1BA748AACBA6}"
EndProject
Project("{FAE04EC0-301F-11D3-BF4B-00C04F79EFBC}") = "Tyuiu.PozhdinAA.Sprint5.Task7.V8.Test", "Tyuiu.PozhdinAA.Sprint5.Task7.V8.Test\Tyuiu.PozhdinAA.Sprint5.Task7.V8.Test.csproj", "{BA5CDC2A-3A21-4B87-B524-44BB9538203C}"
EndProject
Global
	GlobalSection(SolutionConfigurationPlatforms) = preSolution
		Debug|Any CPU = Debug|Any CPU
		Release|Any CPU = Release|Any CPU
	EndGlobalSection
	GlobalSection(ProjectConfigurationPlatforms) = postSolution
		{7FEF25A4-B284-4E86-B4B9-365563E52EAE}.Debug|Any CPU.ActiveCfg = Debug|Any CPU
		{7FEF25A4-B284-4E86-B4B9-365563E52EAE}.Debug|Any CPU.Build.0 = Debug|Any CPU
		{7FEF25A4-B284-4E86-B4B9-365563E52EAE}.Release|Any CPU.ActiveCfg = Release|Any CPU
		{7FEF25A4-B284-4E86-B4B9-365563E52EAE}.Release|Any CPU.Build.0 = Release|Any CPU
		{EB42312A-9B8E-4BEE-9AAC-E4F7EABA4855}.Debug|Any CPU.ActiveCfg = Debug|Any CPU
		{EB42312A-9B8E-4BEE-9AAC-E4F7EABA4855}.Debug|Any CPU.Build.0 = Debug|Any CPU
		{EB42312A-9B8E-4BEE-9AAC-E4F7EABA4855}.Release|Any CPU.ActiveCfg = Release|Any CPU
		{EB42312A-9B8E-4BEE-9AAC-E4F7EABA4855}.Release|Any CPU.Build.0 = Release|Any CPU
		{4E457716-BE06-4F77-82B7-7BFFDA733F05}.Debug|Any CPU.ActiveCfg = Debug|Any CPU
		{4E457716-BE06-4F77-82B7-7BFFDA733F05}.Debug|Any CPU.Build.0 = Debug|Any CPU
		{4E457716-BE06-4F77-82B7-7BFFDA733F05}.Release|Any CPU.ActiveCfg = Release|Any CPU
		{4E457716-BE06-4F77-82B7-7BFFDA733F05}.Release|Any CPU.Build.0 = Release|Any CPU
		{42DCD307-2408-43E1-B649-6E4CECBAD45D}.Debug|Any CPU.ActiveCfg = Debug|Any CPU
		{42DCD307-2408-43E1-B649-6E4CECBAD45D}.Debug|Any CPU.Build.0 = Debug|Any CPU
		{42DCD307-2408-43E1-B649-6E4CECBAD45D}.Release|Any CPU.ActiveCfg = Release|Any CPU
		{42DCD307-2408-43E1-B649-6E4CECBAD45D}.Release|Any CPU.Build.0 = Release|Any CPU
		{785B1E5D-C442-4CDF-8BF5-F5615614A861}.Debug|Any CPU.ActiveCfg = Debug|Any CPU
		{785B1E5D-C442-4CDF-8BF5-F5615614A861}.Debug|Any CPU.Build.0 = Debug|Any CPU
		{785B1E5D-C442-4CDF-8BF5-F5615614A861}.Release|Any CPU.ActiveCfg = Release|Any CPU
		{785B1E5D-C442-4CDF-8BF5-F5615614A861}.Release|Any CPU.Build.0 = Release|Any CPU
		{76EC985A-CFEE-4D29-8B94-E4B4EEEF343B}.Debug|Any CPU.ActiveCfg = Debug|Any CPU
		{76EC985A-CFEE-4D29-8B94-E4B4EEEF343B}.Debug|Any CPU.Build.0 = Debug|Any CPU
		{76EC985A-CFEE-4D29-8B94-E4B4EEEF343B}.Release|Any CPU.ActiveCfg = Release|Any CPU
		{76EC985A-CFEE-4D29-8B94-E4B4EEEF343B}.Release|Any CPU.Build.0 = Release|Any CPU
		{F5F9BD89-5BAD-4010-8B7C-AC03C6A05898}.Debug|Any CPU.ActiveCfg = Debug|Any CPU
		{F5F9BD89-5BAD-4010-8B7C-AC03C6A05898}.Debug|Any CPU.Build.0 = Debug|Any CPU
		{F5F9BD89-5BAD-4010-8B7C-AC03C6A05898}.Release|Any CPU.ActiveCfg = Release|Any CPU
		{F5F9BD89-5BAD-4010-8B7C-AC03C6A05898}.Release|Any CPU.Build.0 = Release|Any CPU
		{1AB7C4FB-E845-40D3-813D-364E3ABA88A4}.Debug|Any CPU.ActiveCfg = Debug|Any CPU
		{1AB7C4FB-E845-40D3-813D-364E3ABA88A4}.Debug|Any CPU.Build.0 = Debug|Any CPU
		{1AB7C4FB-E845-40D3-813D-364E3ABA88A4}.Release|Any CPU.ActiveCfg = Release|Any CPU
		{1AB7C4FB-E845-40D3-813D-364E3ABA88A4}.Release|Any CPU.Build.0 = Release|Any CPU
		{95FC1187-B230-4728-9920-BD4DA1231456}.Debug|Any CPU.ActiveCfg = Debug|Any CPU
		{95FC1187-B230-4728-9920-BD4DA1231456}.Debug|Any CPU.Build.0 = Debug|Any CPU
		{95FC1187-B230-4728-9920-BD4DA1231456}.Release|Any CPU.ActiveCfg = Release|Any CPU
		{95FC1187-B230-4728-9920-BD4DA1231456}.Release|Any CPU.Build.0 = Release|Any CPU
		{79FF93A8-3D0C-4C0F-976E-58F39D1FA2D1}.Debug|Any CPU.ActiveCfg = Debug|Any CPU
		{79FF93A8-3D0C-4C0F-976E-58F39D1FA2D1}.Debug|Any CPU.Build.0 = Debug|Any CPU
		{79FF93A8-3D0C-4C0F-976E-58F39D1FA2D1}.Release|Any CPU.ActiveCfg = Release|Any CPU
		{79FF93A8-3D0C-4C0F-976E-58F39D1FA2D1}.Release|Any CPU.Build.0 = Release|Any CPU
		{DF28D317-CC66-4E97-9DA2-E82FB5220353}.Debug|Any CPU.ActiveCfg = Debug|Any CPU
		{DF28D317-CC66-4E97-9DA2-E82FB5220353}.Debug|Any CPU.Build.0 = Debug|Any CPU
		{DF28D317-CC66-4E97-9DA2-E82FB5220353}.Release|Any CPU.ActiveCfg = Release|Any CPU
		{DF28D317-CC66-4E97-9DA2-E82FB5220353}.Release|Any CPU.Build.0 = Release|Any CPU
		{0877F7FE-E109-4558-A967-6386C6B2DB62}.Debug|Any CPU.ActiveCfg = Debug|Any CPU
		{0877F7FE-E109-4558-A967-6386C6B2DB62}.Debug|Any CPU.Build.0 = Debug|Any CPU
		{0877F7FE-E109-4558-A967-6386C6B2DB62}.Release|Any CPU.ActiveCfg = Release|Any CPU
		{0877F7FE-E109-4558-A967-6386C6B2DB62}.Release|Any CPU.Build.0 = Release|Any CPU
		{3F3F7B24-0D53-4355-8C2F-E49A0F77459D}.Debug|Any CPU.ActiveCfg = Debug|Any CPU
		{3F3F7B24-0D53-4355-8C2F-E49A0F77459D}.Debug|Any CPU.Build.0 = Debug|Any CPU
		{3F3F7B24-0D53-4355-8C2F-E49A0F77459D}.Release|Any CPU.ActiveCfg = Release|Any CPU
		{3F3F7B24-0D53-4355-8C2F-E49A0F77459D}.Release|Any CPU.Build.0 = Release|Any CPU
		{36BD14F4-6F88-4336-9774-3B553EB5B5E3}.Debug|Any CPU.ActiveCfg = Debug|Any CPU
		{36BD14F4-6F88-4336-9774-3B553EB5B5E3}.Debug|Any CPU.Build.0 = Debug|Any CPU
		{36BD14F4-6F88-4336-9774-3B553EB5B5E3}.Release|Any CPU.ActiveCfg = Release|Any CPU
		{36BD14F4-6F88-4336-9774-3B553EB5B5E3}.Release|Any CPU.Build.0 = Release|Any CPU
		{C48CB41F-5EDA-456D-8047-7FEA5AF1FC3F}.Debug|Any CPU.ActiveCfg = Debug|Any CPU
		{C48CB41F-5EDA-456D-8047-7FEA5AF1FC3F}.Debug|Any CPU.Build.0 = Debug|Any CPU
		{C48CB41F-5EDA-456D-8047-7FEA5AF1FC3F}.Release|Any CPU.ActiveCfg = Release|Any CPU
		{C48CB41F-5EDA-456D-8047-7FEA5AF1FC3F}.Release|Any CPU.Build.0 = Release|Any CPU
		{17727E47-FD64-490B-ABF8-53423F59023E}.Debug|Any CPU.ActiveCfg = Debug|Any CPU
		{17727E47-FD64-490B-ABF8-53423F59023E}.Debug|Any CPU.Build.0 = Debug|Any CPU
		{17727E47-FD64-490B-ABF8-53423F59023E}.Release|Any CPU.ActiveCfg = Release|Any CPU
		{17727E47-FD64-490B-ABF8-53423F59023E}.Release|Any CPU.Build.0 = Release|Any CPU
		{91D7D4DA-2B36-4AC3-B3A5-77949BBFDD22}.Debug|Any CPU.ActiveCfg = Debug|Any CPU
		{91D7D4DA-2B36-4AC3-B3A5-77949BBFDD22}.Debug|Any CPU.Build.0 = Debug|Any CPU
		{91D7D4DA-2B36-4AC3-B3A5-77949BBFDD22}.Release|Any CPU.ActiveCfg = Release|Any CPU
		{91D7D4DA-2B36-4AC3-B3A5-77949BBFDD22}.Release|Any CPU.Build.0 = Release|Any CPU
		{A79A9256-FE78-4AE3-BC41-8BDCAACE11F5}.Debug|Any CPU.ActiveCfg = Debug|Any CPU
		{A79A9256-FE78-4AE3-BC41-8BDCAACE11F5}.Debug|Any CPU.Build.0 = Debug|Any CPU
		{A79A9256-FE78-4AE3-BC41-8BDCAACE11F5}.Release|Any CPU.ActiveCfg = Release|Any CPU
		{A79A9256-FE78-4AE3-BC41-8BDCAACE11F5}.Release|Any CPU.Build.0 = Release|Any CPU
		{7A70DF5C-A0C7-41B3-B719-431E15BB7149}.Debug|Any CPU.ActiveCfg = Debug|Any CPU
		{7A70DF5C-A0C7-41B3-B719-431E15BB7149}.Debug|Any CPU.Build.0 = Debug|Any CPU
		{7A70DF5C-A0C7-41B3-B719-431E15BB7149}.Release|Any CPU.ActiveCfg = Release|Any CPU
		{7A70DF5C-A0C7-41B3-B719-431E15BB7149}.Release|Any CPU.Build.0 = Release|Any CPU
		{126E6D09-21ED-40DD-85E4-513235CB7D98}.Debug|Any CPU.ActiveCfg = Debug|Any CPU
		{126E6D09-21ED-40DD-85E4-513235CB7D98}.Debug|Any CPU.Build.0 = Debug|Any CPU
		{126E6D09-21ED-40DD-85E4-513235CB7D98}.Release|Any CPU.ActiveCfg = Release|Any CPU
		{126E6D09-21ED-40DD-85E4-513235CB7D98}.Release|Any CPU.Build.0 = Release|Any CPU
		{9058A541-617A-43A8-94C3-5D3F7955456D}.Debug|Any CPU.ActiveCfg = Debug|Any CPU
		{9058A541-617A-43A8-94C3-5D3F7955456D}.Debug|Any CPU.Build.0 = Debug|Any CPU
		{9058A541-617A-43A8-94C3-5D3F7955456D}.Release|Any CPU.ActiveCfg = Release|Any CPU
		{9058A541-617A-43A8-94C3-5D3F7955456D}.Release|Any CPU.Build.0 = Release|Any CPU
		{6CF58BC3-AAB3-45F7-964A-473C103F94A4}.Debug|Any CPU.ActiveCfg = Debug|Any CPU
		{6CF58BC3-AAB3-45F7-964A-473C103F94A4}.Debug|Any CPU.Build.0 = Debug|Any CPU
		{6CF58BC3-AAB3-45F7-964A-473C103F94A4}.Release|Any CPU.ActiveCfg = Release|Any CPU
		{6CF58BC3-AAB3-45F7-964A-473C103F94A4}.Release|Any CPU.Build.0 = Release|Any CPU
		{EE8E10C9-B599-432E-A98E-1BA748AACBA6}.Debug|Any CPU.ActiveCfg = Debug|Any CPU
		{EE8E10C9-B599-432E-A98E-1BA748AACBA6}.Debug|Any CPU.Build.0 = Debug|Any CPU
		{EE8E10C9-B599-432E-A98E-1BA748AACBA6}.Release|Any CPU.ActiveCfg = Release|Any CPU
		{EE8E10C9-B599-432E-A98E-1BA748AACBA6}.Release|Any CPU.Build.0 = Release|Any CPU
		{BA5CDC2A-3A21-4B87-B524-44BB9538203C}.Debug|Any CPU.ActiveCfg = Debug|Any CPU
		{BA5CDC2A-3A21-4B87-B524-44BB9538203C}.Debug|Any CPU.Build.0 = Debug|Any CPU
		{BA5CDC2A-3A21-4B87-B524-44BB9538203C}.Release|Any CPU.ActiveCfg = Release|Any CPU
		{BA5CDC2A-3A21-4B87-B524-44BB9538203C}.Release|Any CPU.Build.0 = Release|Any CPU
	EndGlobalSection
	GlobalSection(SolutionProperties) = preSolution
		HideSolutionNode = FALSE
	EndGlobalSection
	GlobalSection(NestedProjects) = preSolution
		{7FEF25A4-B284-4E86-B4B9-365563E52EAE} = {76014415-CF53-4589-B3C2-2B7E5ACDA33F}
		{EB42312A-9B8E-4BEE-9AAC-E4F7EABA4855} = {76014415-CF53-4589-B3C2-2B7E5ACDA33F}
		{4E457716-BE06-4F77-82B7-7BFFDA733F05} = {76014415-CF53-4589-B3C2-2B7E5ACDA33F}
		{42DCD307-2408-43E1-B649-6E4CECBAD45D} = {58115340-E943-4681-AECC-D682C64A66E5}
		{785B1E5D-C442-4CDF-8BF5-F5615614A861} = {58115340-E943-4681-AECC-D682C64A66E5}
		{76EC985A-CFEE-4D29-8B94-E4B4EEEF343B} = {58115340-E943-4681-AECC-D682C64A66E5}
		{F5F9BD89-5BAD-4010-8B7C-AC03C6A05898} = {9611E383-34A4-411C-B870-C42A296D7512}
		{1AB7C4FB-E845-40D3-813D-364E3ABA88A4} = {9611E383-34A4-411C-B870-C42A296D7512}
		{95FC1187-B230-4728-9920-BD4DA1231456} = {9611E383-34A4-411C-B870-C42A296D7512}
		{79FF93A8-3D0C-4C0F-976E-58F39D1FA2D1} = {FFBF5629-92F3-497D-9472-54CC720F8DCB}
		{DF28D317-CC66-4E97-9DA2-E82FB5220353} = {FFBF5629-92F3-497D-9472-54CC720F8DCB}
		{0877F7FE-E109-4558-A967-6386C6B2DB62} = {FFBF5629-92F3-497D-9472-54CC720F8DCB}
		{3F3F7B24-0D53-4355-8C2F-E49A0F77459D} = {8E54E9A3-05D9-4999-8C16-B0AAF3F6208D}
		{36BD14F4-6F88-4336-9774-3B553EB5B5E3} = {8E54E9A3-05D9-4999-8C16-B0AAF3F6208D}
		{C48CB41F-5EDA-456D-8047-7FEA5AF1FC3F} = {8E54E9A3-05D9-4999-8C16-B0AAF3F6208D}
		{17727E47-FD64-490B-ABF8-53423F59023E} = {D5B29538-80AC-4A51-9E36-C7E935DABE35}
		{91D7D4DA-2B36-4AC3-B3A5-77949BBFDD22} = {D5B29538-80AC-4A51-9E36-C7E935DABE35}
		{A79A9256-FE78-4AE3-BC41-8BDCAACE11F5} = {D5B29538-80AC-4A51-9E36-C7E935DABE35}
		{7A70DF5C-A0C7-41B3-B719-431E15BB7149} = {BE20A7BA-453F-4FF6-BFAB-AD4A5C570122}
		{126E6D09-21ED-40DD-85E4-513235CB7D98} = {BE20A7BA-453F-4FF6-BFAB-AD4A5C570122}
		{9058A541-617A-43A8-94C3-5D3F7955456D} = {BE20A7BA-453F-4FF6-BFAB-AD4A5C570122}
		{6CF58BC3-AAB3-45F7-964A-473C103F94A4} = {14AFF2BF-A049-4573-9EF1-716F39CBC551}
		{EE8E10C9-B599-432E-A98E-1BA748AACBA6} = {14AFF2BF-A049-4573-9EF1-716F39CBC551}
		{BA5CDC2A-3A21-4B87-B524-44BB9538203C} = {14AFF2BF-A049-4573-9EF1-716F39CBC551}
	EndGlobalSection
	GlobalSection(ExtensibilityGlobals) = postSolution
		SolutionGuid = {950BBC05-A610-447F-A16B-ADD654E4A18D}
	EndGlobalSection
EndGlobal
